
Microsoft Visual Studio Solution File, Format Version 12.00
# Visual Studio Version 16
VisualStudioVersion = 16.0.31129.286
MinimumVisualStudioVersion = 10.0.40219.1
Project("{9A19103F-16F7-4668-BE54-9A1E7A4F7556}") = "Truck.API", "src\Truck.API\Truck.API.csproj", "{17415EE3-1C4D-4DFA-B361-BA493EB69EB2}"
EndProject
Project("{9A19103F-16F7-4668-BE54-9A1E7A4F7556}") = "Truck.Core", "src\Truck.Core\Truck.Core.csproj", "{C80EA97F-88BB-465E-9E37-E42D2BDF8568}"
EndProject
Project("{9A19103F-16F7-4668-BE54-9A1E7A4F7556}") = "Truck.Infrastructure", "src\Truck.Infrastructure\Truck.Infrastructure.csproj", "{8A408C7C-2F4E-4E30-B00D-2955510DABF4}"
EndProject
Project("{FAE04EC0-301F-11D3-BF4B-00C04F79EFBC}") = "Truck.UnitTests", "tests\Truck.UnitTests\Truck.UnitTests.csproj", "{A5BC5EC4-70E1-4B4D-96CE-AC056F0A422F}"
EndProject
Global
	GlobalSection(SolutionConfigurationPlatforms) = preSolution
		Debug|Any CPU = Debug|Any CPU
		Release|Any CPU = Release|Any CPU
	EndGlobalSection
	GlobalSection(ProjectConfigurationPlatforms) = postSolution
		{17415EE3-1C4D-4DFA-B361-BA493EB69EB2}.Debug|Any CPU.ActiveCfg = Debug|Any CPU
		{17415EE3-1C4D-4DFA-B361-BA493EB69EB2}.Debug|Any CPU.Build.0 = Debug|Any CPU
		{17415EE3-1C4D-4DFA-B361-BA493EB69EB2}.Release|Any CPU.ActiveCfg = Release|Any CPU
		{17415EE3-1C4D-4DFA-B361-BA493EB69EB2}.Release|Any CPU.Build.0 = Release|Any CPU
		{C80EA97F-88BB-465E-9E37-E42D2BDF8568}.Debug|Any CPU.ActiveCfg = Debug|Any CPU
		{C80EA97F-88BB-465E-9E37-E42D2BDF8568}.Debug|Any CPU.Build.0 = Debug|Any CPU
		{C80EA97F-88BB-465E-9E37-E42D2BDF8568}.Release|Any CPU.ActiveCfg = Release|Any CPU
		{C80EA97F-88BB-465E-9E37-E42D2BDF8568}.Release|Any CPU.Build.0 = Release|Any CPU
		{8A408C7C-2F4E-4E30-B00D-2955510DABF4}.Debug|Any CPU.ActiveCfg = Debug|Any CPU
		{8A408C7C-2F4E-4E30-B00D-2955510DABF4}.Debug|Any CPU.Build.0 = Debug|Any CPU
		{8A408C7C-2F4E-4E30-B00D-2955510DABF4}.Release|Any CPU.ActiveCfg = Release|Any CPU
		{8A408C7C-2F4E-4E30-B00D-2955510DABF4}.Release|Any CPU.Build.0 = Release|Any CPU
		{A5BC5EC4-70E1-4B4D-96CE-AC056F0A422F}.Debug|Any CPU.ActiveCfg = Debug|Any CPU
		{A5BC5EC4-70E1-4B4D-96CE-AC056F0A422F}.Debug|Any CPU.Build.0 = Debug|Any CPU
		{A5BC5EC4-70E1-4B4D-96CE-AC056F0A422F}.Release|Any CPU.ActiveCfg = Release|Any CPU
		{A5BC5EC4-70E1-4B4D-96CE-AC056F0A422F}.Release|Any CPU.Build.0 = Release|Any CPU
	EndGlobalSection
	GlobalSection(SolutionProperties) = preSolution
		HideSolutionNode = FALSE
	EndGlobalSection
	GlobalSection(ExtensibilityGlobals) = postSolution
		SolutionGuid = {E4133FDC-9E53-4A11-BEDF-9065F9E18DA0}
	EndGlobalSection
EndGlobal
